{
  "nodes": {
    "crane": {
      "locked": {
        "lastModified": 1777830388,
        "narHash": "sha256-2uoQAqUk2H0ijQtGiWAyNeQYGYc6yfAcRRLlJAz4Gp8=",
        "owner": "ipetkov",
        "repo": "crane",
        "rev": "d459c1350e96ce1a7e3859c513ef5e9869d67d6f",
        "type": "github"
      },
      "original": {
        "owner": "ipetkov",
        "repo": "crane",
        "type": "github"
      }
    },
    "fp": {
      "inputs": {
        "nixpkgs-lib": "nixpkgs-lib"
      },
      "locked": {
        "lastModified": 1777898446,
        "narHash": "sha256-tTEOTTjMHd8Vffn4hehLTPgOXXxJ27xfkf4DoyZgD7s=",
        "owner": "hercules-ci",
        "repo": "flake-parts",
        "rev": "5d82aa3d6b5da25dbfec1a995750a70a03b8c659",
        "type": "github"
      },
      "original": {
        "owner": "hercules-ci",
        "repo": "flake-parts",
        "type": "github"
      }
    },
    "nixpkgs": {
      "locked": {
        "lastModified": 1777673416,
        "narHash": "sha256-5c2POKPOjU40Kh0MirOdScBLG0bu9TAuPYAtPRNZMBs=",
        "owner": "nixos",
        "repo": "nixpkgs",
        "rev": "26ef669cffa904b6f6832ab57b77892a37c1a671",
        "type": "github"
      },
      "original": {
        "owner": "nixos",
        "ref": "nixos-25.11",
        "repo": "nixpkgs",
        "type": "github"
      }
    },
    "nixpkgs-lib": {
      "locked": {
        "lastModified": 1777168982,
        "narHash": "sha256-GOkGPcboWE9BmGCRMLX3worL4EMnsnG8MyKmXNeYuhQ=",
        "owner": "nix-community",
        "repo": "nixpkgs.lib",
        "rev": "f5901329dade4a6ea039af1433fb087bd9c1fe14",
        "type": "github"
      },
      "original": {
        "owner": "nix-community",
        "repo": "nixpkgs.lib",
        "type": "github"
      }
    },
    "root": {
      "inputs": {
        "crane": "crane",
        "fp": "fp",
        "nixpkgs": "nixpkgs",
        "rust-overlay": "rust-overlay",
        "tools": "tools"
      }
    },
    "rust-overlay": {
      "inputs": {
        "nixpkgs": [
          "nixpkgs"
        ]
      },
      "locked": {
        "lastModified": 1777864665,
        "narHash": "sha256-oE4lnjiBa3uE+dP9jM0jFzofP1xYIlK6IQBjLfWjH04=",
        "owner": "oxalica",
        "repo": "rust-overlay",
        "rev": "669151bbc7f2416b622af2f48e9136e2c9da5530",
        "type": "github"
      },
      "original": {
        "owner": "oxalica",
        "repo": "rust-overlay",
        "type": "github"
      }
    },
    "tools": {
      "inputs": {
        "my-nix": [],
        "nixpkgs": [
          "nixpkgs"
        ],
        "parts": [
          "fp"
        ]
      },
      "locked": {
        "lastModified": 1777891444,
        "narHash": "sha256-fC762UyeJ1YYB1hWmOfqAPuvg9cqABtXb1tnGU63e9A=",
        "ref": "refs/heads/main",
        "rev": "6be20693443760e820e088e905a36d441d047256",
        "revCount": 92,
        "type": "git",
        "url": "ssh://git@gitlab.com/nmrshll/tools.git"
      },
      "original": {
        "type": "git",
        "url": "ssh://git@gitlab.com/nmrshll/tools.git"
      }
    }
  },
  "root": "root",
  "version": 7
}
